
Microsoft Visual Studio Solution File, Format Version 12.00
# Visual Studio Version 16
VisualStudioVersion = 16.0.31911.196
MinimumVisualStudioVersion = 10.0.40219.1
Project("{FAE04EC0-301F-11D3-BF4B-00C04F79EFBC}") = "Market.WebApp", "Market.WebApp\Market.WebApp.csproj", "{03239C17-79A9-4E26-AAF9-AF9CB287293B}"
EndProject
Global
	GlobalSection(SolutionConfigurationPlatforms) = preSolution
		Debug|Any CPU = Debug|Any CPU
		Release|Any CPU = Release|Any CPU
	EndGlobalSection
	GlobalSection(ProjectConfigurationPlatforms) = postSolution
		{03239C17-79A9-4E26-AAF9-AF9CB287293B}.Debug|Any CPU.ActiveCfg = Debug|Any CPU
		{03239C17-79A9-4E26-AAF9-AF9CB287293B}.Debug|Any CPU.Build.0 = Debug|Any CPU
		{03239C17-79A9-4E26-AAF9-AF9CB287293B}.Release|Any CPU.ActiveCfg = Release|Any CPU
		{03239C17-79A9-4E26-AAF9-AF9CB287293B}.Release|Any CPU.Build.0 = Release|Any CPU
	EndGlobalSection
	GlobalSection(SolutionProperties) = preSolution
		HideSolutionNode = FALSE
	EndGlobalSection
	GlobalSection(ExtensibilityGlobals) = postSolution
		SolutionGuid = {9E0DA69E-DC3B-4782-B35F-67491AAA9D91}
	EndGlobalSection
EndGlobal
